// !$*UTF8*$!
{
	archiveVersion = 1;
	classes = {
	};
	objectVersion = 46;
	objects = {

/* Begin PBXBuildFile section */
		1548B4E31AD826D000B17B7A /* Images.xcassets in Resources */ = {isa = PBXBuildFile; fileRef = 1548B4E21AD826D000B17B7A /* Images.xcassets */; };
		C368DD731816BE1C002F428D /* Foundation.framework in Frameworks */ = {isa = PBXBuildFile; fileRef = C368DD721816BE1C002F428D /* Foundation.framework */; };
		C368DD751816BE1C002F428D /* CoreGraphics.framework in Frameworks */ = {isa = PBXBuildFile; fileRef = C368DD741816BE1C002F428D /* CoreGraphics.framework */; };
		C368DD771816BE1C002F428D /* UIKit.framework in Frameworks */ = {isa = PBXBuildFile; fileRef = C368DD761816BE1C002F428D /* UIKit.framework */; };
		C393E05E1816BE5B001D7837 /* BDKAppDelegate.m in Sources */ = {isa = PBXBuildFile; fileRef = C393E0571816BE5B001D7837 /* BDKAppDelegate.m */; };
		C393E05F1816BE5B001D7837 /* InfoPlist.strings in Resources */ = {isa = PBXBuildFile; fileRef = C393E0591816BE5B001D7837 /* InfoPlist.strings */; };
		C393E0611816BE5B001D7837 /* main.m in Sources */ = {isa = PBXBuildFile; fileRef = C393E05C1816BE5B001D7837 /* main.m */; };
		C393E0651816BE6C001D7837 /* BDKCollectionIndexView.m in Sources */ = {isa = PBXBuildFile; fileRef = C393E0641816BE6C001D7837 /* BDKCollectionIndexView.m */; };
		C393E06A1816C060001D7837 /* BDKViewController.m in Sources */ = {isa = PBXBuildFile; fileRef = C393E0691816C060001D7837 /* BDKViewController.m */; };
		C393E06D1816C33D001D7837 /* BDKCell.m in Sources */ = {isa = PBXBuildFile; fileRef = C393E06C1816C33D001D7837 /* BDKCell.m */; };
		F9DFE3D7234B0CAE001D23BD /* BDKCollectionIndexView-umbrella.h in Headers */ = {isa = PBXBuildFile; fileRef = F9DFE3D5234B0CAE001D23BD /* BDKCollectionIndexView-umbrella.h */; settings = {ATTRIBUTES = (Public, ); }; };
		F9DFE3DA234B0CAE001D23BD /* BDKCollectionIndexView.framework in Frameworks */ = {isa = PBXBuildFile; fileRef = F9DFE3D3234B0CAE001D23BD /* BDKCollectionIndexView.framework */; };
		F9DFE3DB234B0CAE001D23BD /* BDKCollectionIndexView.framework in Embed Frameworks */ = {isa = PBXBuildFile; fileRef = F9DFE3D3234B0CAE001D23BD /* BDKCollectionIndexView.framework */; settings = {ATTRIBUTES = (CodeSignOnCopy, RemoveHeadersOnCopy, ); }; };
		F9DFE3E1234B0D21001D23BD /* BDKCollectionIndexView.h in Headers */ = {isa = PBXBuildFile; fileRef = C393E0631816BE6C001D7837 /* BDKCollectionIndexView.h */; settings = {ATTRIBUTES = (Public, ); }; };
		F9DFE3E2234B0D21001D23BD /* BDKCollectionIndexView.m in Sources */ = {isa = PBXBuildFile; fileRef = C393E0641816BE6C001D7837 /* BDKCollectionIndexView.m */; };
/* End PBXBuildFile section */

/* Begin PBXContainerItemProxy section */
		F9DFE3D8234B0CAE001D23BD /* PBXContainerItemProxy */ = {
			isa = PBXContainerItemProxy;
			containerPortal = C368DD671816BE1C002F428D /* Project object */;
			proxyType = 1;
			remoteGlobalIDString = F9DFE3D2234B0CAE001D23BD;
			remoteInfo = BDKCollectionIndexView;
		};
/* End PBXContainerItemProxy section */

/* Begin PBXCopyFilesBuildPhase section */
		F9DFE3DF234B0CAE001D23BD /* Embed Frameworks */ = {
			isa = PBXCopyFilesBuildPhase;
			buildActionMask = 2147483647;
			dstPath = "";
			dstSubfolderSpec = 10;
			files = (
				F9DFE3DB234B0CAE001D23BD /* BDKCollectionIndexView.framework in Embed Frameworks */,
			);
			name = "Embed Frameworks";
			runOnlyForDeploymentPostprocessing = 0;
		};
/* End PBXCopyFilesBuildPhase section */

/* Begin PBXFileReference section */
		1548B4E21AD826D000B17B7A /* Images.xcassets */ = {isa = PBXFileReference; lastKnownFileType = folder.assetcatalog; name = Images.xcassets; path = BDKCollectionIndexView/Images.xcassets; sourceTree = "<group>"; };
		C368DD6F1816BE1C002F428D /* Example.app */ = {isa = PBXFileReference; explicitFileType = wrapper.application; includeInIndex = 0; path = Example.app; sourceTree = BUILT_PRODUCTS_DIR; };
		C368DD721816BE1C002F428D /* Foundation.framework */ = {isa = PBXFileReference; lastKnownFileType = wrapper.framework; name = Foundation.framework; path = System/Library/Frameworks/Foundation.framework; sourceTree = SDKROOT; };
		C368DD741816BE1C002F428D /* CoreGraphics.framework */ = {isa = PBXFileReference; lastKnownFileType = wrapper.framework; name = CoreGraphics.framework; path = System/Library/Frameworks/CoreGraphics.framework; sourceTree = SDKROOT; };
		C368DD761816BE1C002F428D /* UIKit.framework */ = {isa = PBXFileReference; lastKnownFileType = wrapper.framework; name = UIKit.framework; path = System/Library/Frameworks/UIKit.framework; sourceTree = SDKROOT; };
		C368DD8B1816BE1C002F428D /* XCTest.framework */ = {isa = PBXFileReference; lastKnownFileType = wrapper.framework; name = XCTest.framework; path = Library/Frameworks/XCTest.framework; sourceTree = DEVELOPER_DIR; };
		C393E0561816BE5B001D7837 /* BDKAppDelegate.h */ = {isa = PBXFileReference; fileEncoding = 4; lastKnownFileType = sourcecode.c.h; path = BDKAppDelegate.h; sourceTree = "<group>"; };
		C393E0571816BE5B001D7837 /* BDKAppDelegate.m */ = {isa = PBXFileReference; fileEncoding = 4; lastKnownFileType = sourcecode.c.objc; path = BDKAppDelegate.m; sourceTree = "<group>"; };
		C393E05A1816BE5B001D7837 /* en */ = {isa = PBXFileReference; lastKnownFileType = text.plist.strings; name = en; path = InfoPlist.strings; sourceTree = "<group>"; };
		C393E05B1816BE5B001D7837 /* Info.plist */ = {isa = PBXFileReference; fileEncoding = 4; lastKnownFileType = text.plist.xml; path = Info.plist; sourceTree = "<group>"; };
		C393E05C1816BE5B001D7837 /* main.m */ = {isa = PBXFileReference; fileEncoding = 4; lastKnownFileType = sourcecode.c.objc; path = main.m; sourceTree = "<group>"; };
		C393E05D1816BE5B001D7837 /* Prefix.pch */ = {isa = PBXFileReference; fileEncoding = 4; lastKnownFileType = sourcecode.c.h; path = Prefix.pch; sourceTree = "<group>"; };
		C393E0631816BE6C001D7837 /* BDKCollectionIndexView.h */ = {isa = PBXFileReference; fileEncoding = 4; lastKnownFileType = sourcecode.c.h; name = BDKCollectionIndexView.h; path = ../BDKCollectionIndexView.h; sourceTree = "<group>"; };
		C393E0641816BE6C001D7837 /* BDKCollectionIndexView.m */ = {isa = PBXFileReference; fileEncoding = 4; lastKnownFileType = sourcecode.c.objc; name = BDKCollectionIndexView.m; path = ../BDKCollectionIndexView.m; sourceTree = "<group>"; };
		C393E0681816C060001D7837 /* BDKViewController.h */ = {isa = PBXFileReference; fileEncoding = 4; lastKnownFileType = sourcecode.c.h; path = BDKViewController.h; sourceTree = "<group>"; };
		C393E0691816C060001D7837 /* BDKViewController.m */ = {isa = PBXFileReference; fileEncoding = 4; lastKnownFileType = sourcecode.c.objc; path = BDKViewController.m; sourceTree = "<group>"; };
		C393E06B1816C33D001D7837 /* BDKCell.h */ = {isa = PBXFileReference; fileEncoding = 4; lastKnownFileType = sourcecode.c.h; path = BDKCell.h; sourceTree = "<group>"; };
		C393E06C1816C33D001D7837 /* BDKCell.m */ = {isa = PBXFileReference; fileEncoding = 4; lastKnownFileType = sourcecode.c.objc; path = BDKCell.m; sourceTree = "<group>"; };
		F9DFE3D3234B0CAE001D23BD /* BDKCollectionIndexView.framework */ = {isa = PBXFileReference; explicitFileType = wrapper.framework; includeInIndex = 0; path = BDKCollectionIndexView.framework; sourceTree = BUILT_PRODUCTS_DIR; };
		F9DFE3D5234B0CAE001D23BD /* BDKCollectionIndexView-umbrella.h */ = {isa = PBXFileReference; lastKnownFileType = sourcecode.c.h; path = "BDKCollectionIndexView-umbrella.h"; sourceTree = "<group>"; };
		F9DFE3D6234B0CAE001D23BD /* Info.plist */ = {isa = PBXFileReference; lastKnownFileType = text.plist.xml; path = Info.plist; sourceTree = "<group>"; };
		F9DFE3E0234B0D02001D23BD /* BDKCollectionIndexView.modulemap */ = {isa = PBXFileReference; lastKnownFileType = "sourcecode.module-map"; path = BDKCollectionIndexView.modulemap; sourceTree = "<group>"; };
/* End PBXFileReference section */

/* Begin PBXFrameworksBuildPhase section */
		C368DD6C1816BE1C002F428D /* Frameworks */ = {
			isa = PBXFrameworksBuildPhase;
			buildActionMask = 2147483647;
			files = (
				F9DFE3DA234B0CAE001D23BD /* BDKCollectionIndexView.framework in Frameworks */,
				C368DD751816BE1C002F428D /* CoreGraphics.framework in Frameworks */,
				C368DD771816BE1C002F428D /* UIKit.framework in Frameworks */,
				C368DD731816BE1C002F428D /* Foundation.framework in Frameworks */,
			);
			runOnlyForDeploymentPostprocessing = 0;
		};
		F9DFE3D0234B0CAE001D23BD /* Frameworks */ = {
			isa = PBXFrameworksBuildPhase;
			buildActionMask = 2147483647;
			files = (
			);
			runOnlyForDeploymentPostprocessing = 0;
		};
/* End PBXFrameworksBuildPhase section */

/* Begin PBXGroup section */
		C368DD661816BE1C002F428D = {
			isa = PBXGroup;
			children = (
				C393E0671816BE85001D7837 /* Resources */,
				C393E0661816BE7A001D7837 /* Classes */,
				C393E0621816BE5F001D7837 /* BDKCollectionIndexView */,
				F9DFE3D4234B0CAE001D23BD /* BDKCollectionIndexView */,
				C368DD711816BE1C002F428D /* Frameworks */,
				C368DD701816BE1C002F428D /* Products */,
			);
			sourceTree = "<group>";
		};
		C368DD701816BE1C002F428D /* Products */ = {
			isa = PBXGroup;
			children = (
				C368DD6F1816BE1C002F428D /* Example.app */,
				F9DFE3D3234B0CAE001D23BD /* BDKCollectionIndexView.framework */,
			);
			name = Products;
			sourceTree = "<group>";
		};
		C368DD711816BE1C002F428D /* Frameworks */ = {
			isa = PBXGroup;
			children = (
				C368DD721816BE1C002F428D /* Foundation.framework */,
				C368DD741816BE1C002F428D /* CoreGraphics.framework */,
				C368DD761816BE1C002F428D /* UIKit.framework */,
				C368DD8B1816BE1C002F428D /* XCTest.framework */,
			);
			name = Frameworks;
			sourceTree = "<group>";
		};
		C393E0581816BE5B001D7837 /* en.lproj */ = {
			isa = PBXGroup;
			children = (
				C393E0591816BE5B001D7837 /* InfoPlist.strings */,
			);
			path = en.lproj;
			sourceTree = "<group>";
		};
		C393E0621816BE5F001D7837 /* BDKCollectionIndexView */ = {
			isa = PBXGroup;
			children = (
				C393E0631816BE6C001D7837 /* BDKCollectionIndexView.h */,
				C393E0641816BE6C001D7837 /* BDKCollectionIndexView.m */,
			);
			name = BDKCollectionIndexView;
			sourceTree = "<group>";
		};
		C393E0661816BE7A001D7837 /* Classes */ = {
			isa = PBXGroup;
			children = (
				C393E0561816BE5B001D7837 /* BDKAppDelegate.h */,
				C393E0571816BE5B001D7837 /* BDKAppDelegate.m */,
				C393E05C1816BE5B001D7837 /* main.m */,
				C393E05D1816BE5B001D7837 /* Prefix.pch */,
				C393E0681816C060001D7837 /* BDKViewController.h */,
				C393E0691816C060001D7837 /* BDKViewController.m */,
				C393E06B1816C33D001D7837 /* BDKCell.h */,
				C393E06C1816C33D001D7837 /* BDKCell.m */,
			);
			name = Classes;
			sourceTree = "<group>";
		};
		C393E0671816BE85001D7837 /* Resources */ = {
			isa = PBXGroup;
			children = (
				1548B4E21AD826D000B17B7A /* Images.xcassets */,
				C393E0581816BE5B001D7837 /* en.lproj */,
				C393E05B1816BE5B001D7837 /* Info.plist */,
			);
			name = Resources;
			sourceTree = "<group>";
		};
		F9DFE3D4234B0CAE001D23BD /* BDKCollectionIndexView */ = {
			isa = PBXGroup;
			children = (
				F9DFE3E0234B0D02001D23BD /* BDKCollectionIndexView.modulemap */,
				F9DFE3D5234B0CAE001D23BD /* BDKCollectionIndexView-umbrella.h */,
				F9DFE3D6234B0CAE001D23BD /* Info.plist */,
			);
			path = BDKCollectionIndexView;
			sourceTree = "<group>";
		};
/* End PBXGroup section */

/* Begin PBXHeadersBuildPhase section */
		F9DFE3CE234B0CAE001D23BD /* Headers */ = {
			isa = PBXHeadersBuildPhase;
			buildActionMask = 2147483647;
			files = (
				F9DFE3E1234B0D21001D23BD /* BDKCollectionIndexView.h in Headers */,
				F9DFE3D7234B0CAE001D23BD /* BDKCollectionIndexView-umbrella.h in Headers */,
			);
			runOnlyForDeploymentPostprocessing = 0;
		};
/* End PBXHeadersBuildPhase section */

/* Begin PBXNativeTarget section */
		C368DD6E1816BE1C002F428D /* Example */ = {
			isa = PBXNativeTarget;
			buildConfigurationList = C368DD9B1816BE1C002F428D /* Build configuration list for PBXNativeTarget "Example" */;
			buildPhases = (
				C368DD6B1816BE1C002F428D /* Sources */,
				C368DD6C1816BE1C002F428D /* Frameworks */,
				C368DD6D1816BE1C002F428D /* Resources */,
				F9DFE3DF234B0CAE001D23BD /* Embed Frameworks */,
			);
			buildRules = (
			);
			dependencies = (
				F9DFE3D9234B0CAE001D23BD /* PBXTargetDependency */,
			);
			name = Example;
			productName = BDKCollectionIndexView;
			productReference = C368DD6F1816BE1C002F428D /* Example.app */;
			productType = "com.apple.product-type.application";
		};
		F9DFE3D2234B0CAE001D23BD /* BDKCollectionIndexView */ = {
			isa = PBXNativeTarget;
			buildConfigurationList = F9DFE3DC234B0CAE001D23BD /* Build configuration list for PBXNativeTarget "BDKCollectionIndexView" */;
			buildPhases = (
				F9DFE3CE234B0CAE001D23BD /* Headers */,
				F9DFE3CF234B0CAE001D23BD /* Sources */,
				F9DFE3D0234B0CAE001D23BD /* Frameworks */,
				F9DFE3D1234B0CAE001D23BD /* Resources */,
			);
			buildRules = (
			);
			dependencies = (
			);
			name = BDKCollectionIndexView;
			productName = BDKCollectionIndexView;
			productReference = F9DFE3D3234B0CAE001D23BD /* BDKCollectionIndexView.framework */;
			productType = "com.apple.product-type.framework";
		};
/* End PBXNativeTarget section */

/* Begin PBXProject section */
		C368DD671816BE1C002F428D /* Project object */ = {
			isa = PBXProject;
			attributes = {
				CLASSPREFIX = BDK;
				LastUpgradeCheck = 0500;
				ORGANIZATIONNAME = "Ben Kreeger";
				TargetAttributes = {
					F9DFE3D2234B0CAE001D23BD = {
						CreatedOnToolsVersion = 11.0;
						ProvisioningStyle = Automatic;
					};
				};
			};
			buildConfigurationList = C368DD6A1816BE1C002F428D /* Build configuration list for PBXProject "BDKCollectionIndexView" */;
			compatibilityVersion = "Xcode 3.2";
			developmentRegion = English;
			hasScannedForEncodings = 0;
			knownRegions = (
				English,
				en,
			);
			mainGroup = C368DD661816BE1C002F428D;
			productRefGroup = C368DD701816BE1C002F428D /* Products */;
			projectDirPath = "";
			projectRoot = "";
			targets = (
				C368DD6E1816BE1C002F428D /* Example */,
				F9DFE3D2234B0CAE001D23BD /* BDKCollectionIndexView */,
			);
		};
/* End PBXProject section */

/* Begin PBXResourcesBuildPhase section */
		C368DD6D1816BE1C002F428D /* Resources */ = {
			isa = PBXResourcesBuildPhase;
			buildActionMask = 2147483647;
			files = (
				C393E05F1816BE5B001D7837 /* InfoPlist.strings in Resources */,
				1548B4E31AD826D000B17B7A /* Images.xcassets in Resources */,
			);
			runOnlyForDeploymentPostprocessing = 0;
		};
		F9DFE3D1234B0CAE001D23BD /* Resources */ = {
			isa = PBXResourcesBuildPhase;
			buildActionMask = 2147483647;
			files = (
			);
			runOnlyForDeploymentPostprocessing = 0;
		};
/* End PBXResourcesBuildPhase section */

/* Begin PBXSourcesBuildPhase section */
		C368DD6B1816BE1C002F428D /* Sources */ = {
			isa = PBXSourcesBuildPhase;
			buildActionMask = 2147483647;
			files = (
				C393E0611816BE5B001D7837 /* main.m in Sources */,
				C393E0651816BE6C001D7837 /* BDKCollectionIndexView.m in Sources */,
				C393E06A1816C060001D7837 /* BDKViewController.m in Sources */,
				C393E05E1816BE5B001D7837 /* BDKAppDelegate.m in Sources */,
				C393E06D1816C33D001D7837 /* BDKCell.m in Sources */,
			);
			runOnlyForDeploymentPostprocessing = 0;
		};
		F9DFE3CF234B0CAE001D23BD /* Sources */ = {
			isa = PBXSourcesBuildPhase;
			buildActionMask = 2147483647;
			files = (
				F9DFE3E2234B0D21001D23BD /* BDKCollectionIndexView.m in Sources */,
			);
			runOnlyForDeploymentPostprocessing = 0;
		};
/* End PBXSourcesBuildPhase section */

/* Begin PBXTargetDependency section */
		F9DFE3D9234B0CAE001D23BD /* PBXTargetDependency */ = {
			isa = PBXTargetDependency;
			target = F9DFE3D2234B0CAE001D23BD /* BDKCollectionIndexView */;
			targetProxy = F9DFE3D8234B0CAE001D23BD /* PBXContainerItemProxy */;
		};
/* End PBXTargetDependency section */

/* Begin PBXVariantGroup section */
		C393E0591816BE5B001D7837 /* InfoPlist.strings */ = {
			isa = PBXVariantGroup;
			children = (
				C393E05A1816BE5B001D7837 /* en */,
			);
			name = InfoPlist.strings;
			sourceTree = "<group>";
		};
/* End PBXVariantGroup section */

/* Begin XCBuildConfiguration section */
		C368DD991816BE1C002F428D /* Debug */ = {
			isa = XCBuildConfiguration;
			buildSettings = {
				ALWAYS_SEARCH_USER_PATHS = NO;
				ARCHS = "$(ARCHS_STANDARD_INCLUDING_64_BIT)";
				CLANG_CXX_LANGUAGE_STANDARD = "gnu++0x";
				CLANG_CXX_LIBRARY = "libc++";
				CLANG_ENABLE_MODULES = YES;
				CLANG_ENABLE_OBJC_ARC = YES;
				CLANG_WARN_BOOL_CONVERSION = YES;
				CLANG_WARN_CONSTANT_CONVERSION = YES;
				CLANG_WARN_DIRECT_OBJC_ISA_USAGE = YES_ERROR;
				CLANG_WARN_EMPTY_BODY = YES;
				CLANG_WARN_ENUM_CONVERSION = YES;
				CLANG_WARN_INT_CONVERSION = YES;
				CLANG_WARN_OBJC_ROOT_CLASS = YES_ERROR;
				CLANG_WARN__DUPLICATE_METHOD_MATCH = YES;
				"CODE_SIGN_IDENTITY[sdk=iphoneos*]" = "iPhone Developer";
				COPY_PHASE_STRIP = NO;
				GCC_C_LANGUAGE_STANDARD = gnu99;
				GCC_DYNAMIC_NO_PIC = NO;
				GCC_OPTIMIZATION_LEVEL = 0;
				GCC_PREPROCESSOR_DEFINITIONS = (
					"DEBUG=1",
					"$(inherited)",
				);
				GCC_SYMBOLS_PRIVATE_EXTERN = NO;
				GCC_WARN_64_TO_32_BIT_CONVERSION = YES;
				GCC_WARN_ABOUT_RETURN_TYPE = YES_ERROR;
				GCC_WARN_UNDECLARED_SELECTOR = YES;
				GCC_WARN_UNINITIALIZED_AUTOS = YES;
				GCC_WARN_UNUSED_FUNCTION = YES;
				GCC_WARN_UNUSED_VARIABLE = YES;
				IPHONEOS_DEPLOYMENT_TARGET = 7.0;
				ONLY_ACTIVE_ARCH = YES;
				SDKROOT = iphoneos;
				TARGETED_DEVICE_FAMILY = 2;
			};
			name = Debug;
		};
		C368DD9A1816BE1C002F428D /* Release */ = {
			isa = XCBuildConfiguration;
			buildSettings = {
				ALWAYS_SEARCH_USER_PATHS = NO;
				ARCHS = "$(ARCHS_STANDARD_INCLUDING_64_BIT)";
				CLANG_CXX_LANGUAGE_STANDARD = "gnu++0x";
				CLANG_CXX_LIBRARY = "libc++";
				CLANG_ENABLE_MODULES = YES;
				CLANG_ENABLE_OBJC_ARC = YES;
				CLANG_WARN_BOOL_CONVERSION = YES;
				CLANG_WARN_CONSTANT_CONVERSION = YES;
				CLANG_WARN_DIRECT_OBJC_ISA_USAGE = YES_ERROR;
				CLANG_WARN_EMPTY_BODY = YES;
				CLANG_WARN_ENUM_CONVERSION = YES;
				CLANG_WARN_INT_CONVERSION = YES;
				CLANG_WARN_OBJC_ROOT_CLASS = YES_ERROR;
				CLANG_WARN__DUPLICATE_METHOD_MATCH = YES;
				"CODE_SIGN_IDENTITY[sdk=iphoneos*]" = "iPhone Developer";
				COPY_PHASE_STRIP = YES;
				ENABLE_NS_ASSERTIONS = NO;
				GCC_C_LANGUAGE_STANDARD = gnu99;
				GCC_WARN_64_TO_32_BIT_CONVERSION = YES;
				GCC_WARN_ABOUT_RETURN_TYPE = YES_ERROR;
				GCC_WARN_UNDECLARED_SELECTOR = YES;
				GCC_WARN_UNINITIALIZED_AUTOS = YES;
				GCC_WARN_UNUSED_FUNCTION = YES;
				GCC_WARN_UNUSED_VARIABLE = YES;
				IPHONEOS_DEPLOYMENT_TARGET = 7.0;
				SDKROOT = iphoneos;
				TARGETED_DEVICE_FAMILY = 2;
				VALIDATE_PRODUCT = YES;
			};
			name = Release;
		};
		C368DD9C1816BE1C002F428D /* Debug */ = {
			isa = XCBuildConfiguration;
			buildSettings = {
				ARCHS = "$(ARCHS_STANDARD)";
				ASSETCATALOG_COMPILER_APPICON_NAME = AppIcon;
				ASSETCATALOG_COMPILER_LAUNCHIMAGE_NAME = LaunchImage;
				GCC_PRECOMPILE_PREFIX_HEADER = YES;
				GCC_PREFIX_HEADER = Prefix.pch;
				INFOPLIST_FILE = "$(SRCROOT)/Info.plist";
				IPHONEOS_DEPLOYMENT_TARGET = 5.0;
				LD_RUNPATH_SEARCH_PATHS = "$(inherited) @executable_path/Frameworks";
				PRODUCT_NAME = "$(TARGET_NAME)";
				TARGETED_DEVICE_FAMILY = "1,2";
				WRAPPER_EXTENSION = app;
			};
			name = Debug;
		};
		C368DD9D1816BE1C002F428D /* Release */ = {
			isa = XCBuildConfiguration;
			buildSettings = {
				ARCHS = "$(ARCHS_STANDARD)";
				ASSETCATALOG_COMPILER_APPICON_NAME = AppIcon;
				ASSETCATALOG_COMPILER_LAUNCHIMAGE_NAME = LaunchImage;
				GCC_PRECOMPILE_PREFIX_HEADER = YES;
				GCC_PREFIX_HEADER = Prefix.pch;
				INFOPLIST_FILE = "$(SRCROOT)/Info.plist";
				IPHONEOS_DEPLOYMENT_TARGET = 5.0;
				LD_RUNPATH_SEARCH_PATHS = "$(inherited) @executable_path/Frameworks";
				PRODUCT_NAME = "$(TARGET_NAME)";
				TARGETED_DEVICE_FAMILY = "1,2";
				WRAPPER_EXTENSION = app;
			};
			name = Release;
		};
		F9DFE3DD234B0CAE001D23BD /* Debug */ = {
			isa = XCBuildConfiguration;
			buildSettings = {
				CLANG_ANALYZER_NONNULL = YES;
				CLANG_ANALYZER_NUMBER_OBJECT_CONVERSION = YES_AGGRESSIVE;
				CLANG_CXX_LANGUAGE_STANDARD = "gnu++14";
				CLANG_ENABLE_OBJC_WEAK = YES;
				CLANG_WARN_BLOCK_CAPTURE_AUTORELEASING = YES;
				CLANG_WARN_COMMA = YES;
				CLANG_WARN_DEPRECATED_OBJC_IMPLEMENTATIONS = YES;
				CLANG_WARN_DOCUMENTATION_COMMENTS = YES;
				CLANG_WARN_INFINITE_RECURSION = YES;
				CLANG_WARN_NON_LITERAL_NULL_CONVERSION = YES;
				CLANG_WARN_OBJC_IMPLICIT_RETAIN_SELF = YES;
				CLANG_WARN_OBJC_LITERAL_CONVERSION = YES;
				CLANG_WARN_RANGE_LOOP_ANALYSIS = YES;
				CLANG_WARN_STRICT_PROTOTYPES = YES;
				CLANG_WARN_SUSPICIOUS_MOVE = YES;
				CLANG_WARN_UNGUARDED_AVAILABILITY = YES_AGGRESSIVE;
				CLANG_WARN_UNREACHABLE_CODE = YES;
				CODE_SIGN_STYLE = Automatic;
				CURRENT_PROJECT_VERSION = 1;
				DEBUG_INFORMATION_FORMAT = dwarf;
				DEFINES_MODULE = YES;
				DYLIB_COMPATIBILITY_VERSION = 1;
				DYLIB_CURRENT_VERSION = 1;
				DYLIB_INSTALL_NAME_BASE = "@rpath";
				ENABLE_STRICT_OBJC_MSGSEND = YES;
				ENABLE_TESTABILITY = YES;
				GCC_C_LANGUAGE_STANDARD = gnu11;
				GCC_NO_COMMON_BLOCKS = YES;
				GCC_WARN_UNINITIALIZED_AUTOS = YES_AGGRESSIVE;
				INFOPLIST_FILE = BDKCollectionIndexView/Info.plist;
				INSTALL_PATH = "$(LOCAL_LIBRARY_DIR)/Frameworks";
				IPHONEOS_DEPLOYMENT_TARGET = 13.0;
				LD_RUNPATH_SEARCH_PATHS = "$(inherited) @executable_path/Frameworks @loader_path/Frameworks";
				MODULEMAP_FILE = BDKCollectionIndexView/BDKCollectionIndexView.modulemap;
				MTL_ENABLE_DEBUG_INFO = INCLUDE_SOURCE;
				MTL_FAST_MATH = YES;
				PRODUCT_BUNDLE_IDENTIFIER = com.notabasement.BDKCollectionIndexView;
				PRODUCT_NAME = "$(TARGET_NAME:c99extidentifier)";
				SKIP_INSTALL = YES;
				TARGETED_DEVICE_FAMILY = "1,2";
				VERSIONING_SYSTEM = "apple-generic";
				VERSION_INFO_PREFIX = "";
			};
			name = Debug;
		};
		F9DFE3DE234B0CAE001D23BD /* Release */ = {
			isa = XCBuildConfiguration;
			buildSettings = {
				CLANG_ANALYZER_NONNULL = YES;
				CLANG_ANALYZER_NUMBER_OBJECT_CONVERSION = YES_AGGRESSIVE;
				CLANG_CXX_LANGUAGE_STANDARD = "gnu++14";
				CLANG_ENABLE_OBJC_WEAK = YES;
				CLANG_WARN_BLOCK_CAPTURE_AUTORELEASING = YES;
				CLANG_WARN_COMMA = YES;
				CLANG_WARN_DEPRECATED_OBJC_IMPLEMENTATIONS = YES;
				CLANG_WARN_DOCUMENTATION_COMMENTS = YES;
				CLANG_WARN_INFINITE_RECURSION = YES;
				CLANG_WARN_NON_LITERAL_NULL_CONVERSION = YES;
				CLANG_WARN_OBJC_IMPLICIT_RETAIN_SELF = YES;
				CLANG_WARN_OBJC_LITERAL_CONVERSION = YES;
				CLANG_WARN_RANGE_LOOP_ANALYSIS = YES;
				CLANG_WARN_STRICT_PROTOTYPES = YES;
				CLANG_WARN_SUSPICIOUS_MOVE = YES;
				CLANG_WARN_UNGUARDED_AVAILABILITY = YES_AGGRESSIVE;
				CLANG_WARN_UNREACHABLE_CODE = YES;
				CODE_SIGN_STYLE = Automatic;
				COPY_PHASE_STRIP = NO;
				CURRENT_PROJECT_VERSION = 1;
				DEBUG_INFORMATION_FORMAT = "dwarf-with-dsym";
				DEFINES_MODULE = YES;
				DYLIB_COMPATIBILITY_VERSION = 1;
				DYLIB_CURRENT_VERSION = 1;
				DYLIB_INSTALL_NAME_BASE = "@rpath";
				ENABLE_STRICT_OBJC_MSGSEND = YES;
				GCC_C_LANGUAGE_STANDARD = gnu11;
				GCC_NO_COMMON_BLOCKS = YES;
				GCC_WARN_UNINITIALIZED_AUTOS = YES_AGGRESSIVE;
				INFOPLIST_FILE = BDKCollectionIndexView/Info.plist;
				INSTALL_PATH = "$(LOCAL_LIBRARY_DIR)/Frameworks";
				IPHONEOS_DEPLOYMENT_TARGET = 13.0;
				LD_RUNPATH_SEARCH_PATHS = "$(inherited) @executable_path/Frameworks @loader_path/Frameworks";
				MODULEMAP_FILE = BDKCollectionIndexView/BDKCollectionIndexView.modulemap;
				MTL_ENABLE_DEBUG_INFO = NO;
				MTL_FAST_MATH = YES;
				PRODUCT_BUNDLE_IDENTIFIER = com.notabasement.BDKCollectionIndexView;
				PRODUCT_NAME = "$(TARGET_NAME:c99extidentifier)";
				SKIP_INSTALL = YES;
				TARGETED_DEVICE_FAMILY = "1,2";
				VERSIONING_SYSTEM = "apple-generic";
				VERSION_INFO_PREFIX = "";
			};
			name = Release;
		};
/* End XCBuildConfiguration section */

/* Begin XCConfigurationList section */
		C368DD6A1816BE1C002F428D /* Build configuration list for PBXProject "BDKCollectionIndexView" */ = {
			isa = XCConfigurationList;
			buildConfigurations = (
				C368DD991816BE1C002F428D /* Debug */,
				C368DD9A1816BE1C002F428D /* Release */,
			);
			defaultConfigurationIsVisible = 0;
			defaultConfigurationName = Release;
		};
		C368DD9B1816BE1C002F428D /* Build configuration list for PBXNativeTarget "Example" */ = {
			isa = XCConfigurationList;
			buildConfigurations = (
				C368DD9C1816BE1C002F428D /* Debug */,
				C368DD9D1816BE1C002F428D /* Release */,
			);
			defaultConfigurationIsVisible = 0;
			defaultConfigurationName = Release;
		};
		F9DFE3DC234B0CAE001D23BD /* Build configuration list for PBXNativeTarget "BDKCollectionIndexView" */ = {
			isa = XCConfigurationList;
			buildConfigurations = (
				F9DFE3DD234B0CAE001D23BD /* Debug */,
				F9DFE3DE234B0CAE001D23BD /* Release */,
			);
			defaultConfigurationIsVisible = 0;
			defaultConfigurationName = Release;
		};
/* End XCConfigurationList section */
	};
	rootObject = C368DD671816BE1C002F428D /* Project object */;
}
